
Microsoft Visual Studio Solution File, Format Version 12.00
# Visual Studio Version 17
VisualStudioVersion = 17.4.33403.182
MinimumVisualStudioVersion = 10.0.40219.1
Project("{FAE04EC0-301F-11D3-BF4B-00C04F79EFBC}") = "SocialNetwork", "SocialNetwork\SocialNetwork.csproj", "{F2B364EA-1939-455A-8961-48AF97AB82AD}"
EndProject
Global
	GlobalSection(SolutionConfigurationPlatforms) = preSolution
		Debug|Any CPU = Debug|Any CPU
		Release|Any CPU = Release|Any CPU
	EndGlobalSection
	GlobalSection(ProjectConfigurationPlatforms) = postSolution
		{F2B364EA-1939-455A-8961-48AF97AB82AD}.Debug|Any CPU.ActiveCfg = Debug|Any CPU
		{F2B364EA-1939-455A-8961-48AF97AB82AD}.Debug|Any CPU.Build.0 = Debug|Any CPU
		{F2B364EA-1939-455A-8961-48AF97AB82AD}.Release|Any CPU.ActiveCfg = Release|Any CPU
		{F2B364EA-1939-455A-8961-48AF97AB82AD}.Release|Any CPU.Build.0 = Release|Any CPU
	EndGlobalSection
	GlobalSection(SolutionProperties) = preSolution
		HideSolutionNode = FALSE
	EndGlobalSection
	GlobalSection(ExtensibilityGlobals) = postSolution
		SolutionGuid = {CB6F2F3E-EA01-4E89-BE7A-A98822917372}
	EndGlobalSection
EndGlobal
